// !$*UTF8*$!
{
	archiveVersion = 1;
	classes = {
	};
	objectVersion = 56;
	objects = {

/* Begin PBXBuildFile section */
		0CFC98B3293E4AFE00D138DE /* LongLivingEffectCancellationDemoApp.swift in Sources */ = {isa = PBXBuildFile; fileRef = 0CFC98B2293E4AFE00D138DE /* LongLivingEffectCancellationDemoApp.swift */; };
		0CFC98B5293E4AFE00D138DE /* ContentView.swift in Sources */ = {isa = PBXBuildFile; fileRef = 0CFC98B4293E4AFE00D138DE /* ContentView.swift */; };
		0CFC98B7293E4B0000D138DE /* Assets.xcassets in Resources */ = {isa = PBXBuildFile; fileRef = 0CFC98B6293E4B0000D138DE /* Assets.xcassets */; };
		0CFC98BB293E4B0000D138DE /* Preview Assets.xcassets in Resources */ = {isa = PBXBuildFile; fileRef = 0CFC98BA293E4B0000D138DE /* Preview Assets.xcassets */; };
		0CFC98C4293E4FEF00D138DE /* UITabBarControllerWrapperView.swift in Sources */ = {isa = PBXBuildFile; fileRef = 0CFC98C3293E4FEF00D138DE /* UITabBarControllerWrapperView.swift */; };
		0CFC98C6293E57CE00D138DE /* ProblemViewController.swift in Sources */ = {isa = PBXBuildFile; fileRef = 0CFC98C5293E57CE00D138DE /* ProblemViewController.swift */; };
		0CFC98C9293E5ECF00D138DE /* ComposableArchitecture in Frameworks */ = {isa = PBXBuildFile; productRef = 0CFC98C8293E5ECF00D138DE /* ComposableArchitecture */; };
		0CFC98CB293E5EFD00D138DE /* ProblemView.swift in Sources */ = {isa = PBXBuildFile; fileRef = 0CFC98CA293E5EFD00D138DE /* ProblemView.swift */; };
		0CFC98CD293E60CF00D138DE /* OnFirstAppear.swift in Sources */ = {isa = PBXBuildFile; fileRef = 0CFC98CC293E60CF00D138DE /* OnFirstAppear.swift */; };
		0CFC98CF293E614400D138DE /* NotificationCenterClient.swift in Sources */ = {isa = PBXBuildFile; fileRef = 0CFC98CE293E614400D138DE /* NotificationCenterClient.swift */; };
/* End PBXBuildFile section */

/* Begin PBXFileReference section */
		0CFC98AF293E4AFE00D138DE /* LongLivingEffectCancellationDemo.app */ = {isa = PBXFileReference; explicitFileType = wrapper.application; includeInIndex = 0; path = LongLivingEffectCancellationDemo.app; sourceTree = BUILT_PRODUCTS_DIR; };
		0CFC98B2293E4AFE00D138DE /* LongLivingEffectCancellationDemoApp.swift */ = {isa = PBXFileReference; lastKnownFileType = sourcecode.swift; path = LongLivingEffectCancellationDemoApp.swift; sourceTree = "<group>"; };
		0CFC98B4293E4AFE00D138DE /* ContentView.swift */ = {isa = PBXFileReference; lastKnownFileType = sourcecode.swift; path = ContentView.swift; sourceTree = "<group>"; };
		0CFC98B6293E4B0000D138DE /* Assets.xcassets */ = {isa = PBXFileReference; lastKnownFileType = folder.assetcatalog; path = Assets.xcassets; sourceTree = "<group>"; };
		0CFC98B8293E4B0000D138DE /* LongLivingEffectCancellationDemo.entitlements */ = {isa = PBXFileReference; lastKnownFileType = text.plist.entitlements; path = LongLivingEffectCancellationDemo.entitlements; sourceTree = "<group>"; };
		0CFC98BA293E4B0000D138DE /* Preview Assets.xcassets */ = {isa = PBXFileReference; lastKnownFileType = folder.assetcatalog; path = "Preview Assets.xcassets"; sourceTree = "<group>"; };
		0CFC98C3293E4FEF00D138DE /* UITabBarControllerWrapperView.swift */ = {isa = PBXFileReference; lastKnownFileType = sourcecode.swift; path = UITabBarControllerWrapperView.swift; sourceTree = "<group>"; };
		0CFC98C5293E57CE00D138DE /* ProblemViewController.swift */ = {isa = PBXFileReference; lastKnownFileType = sourcecode.swift; path = ProblemViewController.swift; sourceTree = "<group>"; };
		0CFC98CA293E5EFD00D138DE /* ProblemView.swift */ = {isa = PBXFileReference; lastKnownFileType = sourcecode.swift; path = ProblemView.swift; sourceTree = "<group>"; };
		0CFC98CC293E60CF00D138DE /* OnFirstAppear.swift */ = {isa = PBXFileReference; lastKnownFileType = sourcecode.swift; path = OnFirstAppear.swift; sourceTree = "<group>"; };
		0CFC98CE293E614400D138DE /* NotificationCenterClient.swift */ = {isa = PBXFileReference; lastKnownFileType = sourcecode.swift; path = NotificationCenterClient.swift; sourceTree = "<group>"; };
/* End PBXFileReference section */

/* Begin PBXFrameworksBuildPhase section */
		0CFC98AC293E4AFE00D138DE /* Frameworks */ = {
			isa = PBXFrameworksBuildPhase;
			buildActionMask = 2147483647;
			files = (
				0CFC98C9293E5ECF00D138DE /* ComposableArchitecture in Frameworks */,
			);
			runOnlyForDeploymentPostprocessing = 0;
		};
/* End PBXFrameworksBuildPhase section */

/* Begin PBXGroup section */
		0CFC98A6293E4AFE00D138DE = {
			isa = PBXGroup;
			children = (
				0CFC98B1293E4AFE00D138DE /* LongLivingEffectCancellationDemo */,
				0CFC98B0293E4AFE00D138DE /* Products */,
			);
			sourceTree = "<group>";
		};
		0CFC98B0293E4AFE00D138DE /* Products */ = {
			isa = PBXGroup;
			children = (
				0CFC98AF293E4AFE00D138DE /* LongLivingEffectCancellationDemo.app */,
			);
			name = Products;
			sourceTree = "<group>";
		};
		0CFC98B1293E4AFE00D138DE /* LongLivingEffectCancellationDemo */ = {
			isa = PBXGroup;
			children = (
				0CFC98B6293E4B0000D138DE /* Assets.xcassets */,
				0CFC98B4293E4AFE00D138DE /* ContentView.swift */,
				0CFC98B8293E4B0000D138DE /* LongLivingEffectCancellationDemo.entitlements */,
				0CFC98B2293E4AFE00D138DE /* LongLivingEffectCancellationDemoApp.swift */,
				0CFC98CE293E614400D138DE /* NotificationCenterClient.swift */,
				0CFC98CC293E60CF00D138DE /* OnFirstAppear.swift */,
				0CFC98B9293E4B0000D138DE /* Preview Content */,
				0CFC98CA293E5EFD00D138DE /* ProblemView.swift */,
				0CFC98C5293E57CE00D138DE /* ProblemViewController.swift */,
				0CFC98C3293E4FEF00D138DE /* UITabBarControllerWrapperView.swift */,
			);
			path = LongLivingEffectCancellationDemo;
			sourceTree = "<group>";
		};
		0CFC98B9293E4B0000D138DE /* Preview Content */ = {
			isa = PBXGroup;
			children = (
				0CFC98BA293E4B0000D138DE /* Preview Assets.xcassets */,
			);
			path = "Preview Content";
			sourceTree = "<group>";
		};
/* End PBXGroup section */

/* Begin PBXNativeTarget section */
		0CFC98AE293E4AFE00D138DE /* LongLivingEffectCancellationDemo */ = {
			isa = PBXNativeTarget;
			buildConfigurationList = 0CFC98BE293E4B0000D138DE /* Build configuration list for PBXNativeTarget "LongLivingEffectCancellationDemo" */;
			buildPhases = (
				0CFC98AB293E4AFE00D138DE /* Sources */,
				0CFC98AC293E4AFE00D138DE /* Frameworks */,
				0CFC98AD293E4AFE00D138DE /* Resources */,
			);
			buildRules = (
			);
			dependencies = (
			);
			name = LongLivingEffectCancellationDemo;
			packageProductDependencies = (
				0CFC98C8293E5ECF00D138DE /* ComposableArchitecture */,
			);
			productName = LongLivingEffectCancellationDemo;
			productReference = 0CFC98AF293E4AFE00D138DE /* LongLivingEffectCancellationDemo.app */;
			productType = "com.apple.product-type.application";
		};
/* End PBXNativeTarget section */

/* Begin PBXProject section */
		0CFC98A7293E4AFE00D138DE /* Project object */ = {
			isa = PBXProject;
			attributes = {
				BuildIndependentTargetsInParallel = 1;
				LastSwiftUpdateCheck = 1410;
				LastUpgradeCheck = 1410;
				TargetAttributes = {
					0CFC98AE293E4AFE00D138DE = {
						CreatedOnToolsVersion = 14.1;
					};
				};
			};
			buildConfigurationList = 0CFC98AA293E4AFE00D138DE /* Build configuration list for PBXProject "LongLivingEffectCancellationDemo" */;
			compatibilityVersion = "Xcode 14.0";
			developmentRegion = en;
			hasScannedForEncodings = 0;
			knownRegions = (
				en,
				Base,
			);
			mainGroup = 0CFC98A6293E4AFE00D138DE;
			packageReferences = (
				0CFC98C7293E5ECF00D138DE /* XCRemoteSwiftPackageReference "swift-composable-architecture" */,
			);
			productRefGroup = 0CFC98B0293E4AFE00D138DE /* Products */;
			projectDirPath = "";
			projectRoot = "";
			targets = (
				0CFC98AE293E4AFE00D138DE /* LongLivingEffectCancellationDemo */,
			);
		};
/* End PBXProject section */

/* Begin PBXResourcesBuildPhase section */
		0CFC98AD293E4AFE00D138DE /* Resources */ = {
			isa = PBXResourcesBuildPhase;
			buildActionMask = 2147483647;
			files = (
				0CFC98BB293E4B0000D138DE /* Preview Assets.xcassets in Resources */,
				0CFC98B7293E4B0000D138DE /* Assets.xcassets in Resources */,
			);
			runOnlyForDeploymentPostprocessing = 0;
		};
/* End PBXResourcesBuildPhase section */

/* Begin PBXSourcesBuildPhase section */
		0CFC98AB293E4AFE00D138DE /* Sources */ = {
			isa = PBXSourcesBuildPhase;
			buildActionMask = 2147483647;
			files = (
				0CFC98CD293E60CF00D138DE /* OnFirstAppear.swift in Sources */,
				0CFC98B5293E4AFE00D138DE /* ContentView.swift in Sources */,
				0CFC98B3293E4AFE00D138DE /* LongLivingEffectCancellationDemoApp.swift in Sources */,
				0CFC98C6293E57CE00D138DE /* ProblemViewController.swift in Sources */,
				0CFC98C4293E4FEF00D138DE /* UITabBarControllerWrapperView.swift in Sources */,
				0CFC98CB293E5EFD00D138DE /* ProblemView.swift in Sources */,
				0CFC98CF293E614400D138DE /* NotificationCenterClient.swift in Sources */,
			);
			runOnlyForDeploymentPostprocessing = 0;
		};
/* End PBXSourcesBuildPhase section */

/* Begin XCBuildConfiguration section */
		0CFC98BC293E4B0000D138DE /* Debug */ = {
			isa = XCBuildConfiguration;
			buildSettings = {
				ALWAYS_SEARCH_USER_PATHS = NO;
				CLANG_ANALYZER_NONNULL = YES;
				CLANG_ANALYZER_NUMBER_OBJECT_CONVERSION = YES_AGGRESSIVE;
				CLANG_CXX_LANGUAGE_STANDARD = "gnu++20";
				CLANG_ENABLE_MODULES = YES;
				CLANG_ENABLE_OBJC_ARC = YES;
				CLANG_ENABLE_OBJC_WEAK = YES;
				CLANG_WARN_BLOCK_CAPTURE_AUTORELEASING = YES;
				CLANG_WARN_BOOL_CONVERSION = YES;
				CLANG_WARN_COMMA = YES;
				CLANG_WARN_CONSTANT_CONVERSION = YES;
				CLANG_WARN_DEPRECATED_OBJC_IMPLEMENTATIONS = YES;
				CLANG_WARN_DIRECT_OBJC_ISA_USAGE = YES_ERROR;
				CLANG_WARN_DOCUMENTATION_COMMENTS = YES;
				CLANG_WARN_EMPTY_BODY = YES;
				CLANG_WARN_ENUM_CONVERSION = YES;
				CLANG_WARN_INFINITE_RECURSION = YES;
				CLANG_WARN_INT_CONVERSION = YES;
				CLANG_WARN_NON_LITERAL_NULL_CONVERSION = YES;
				CLANG_WARN_OBJC_IMPLICIT_RETAIN_SELF = YES;
				CLANG_WARN_OBJC_LITERAL_CONVERSION = YES;
				CLANG_WARN_OBJC_ROOT_CLASS = YES_ERROR;
				CLANG_WARN_QUOTED_INCLUDE_IN_FRAMEWORK_HEADER = YES;
				CLANG_WARN_RANGE_LOOP_ANALYSIS = YES;
				CLANG_WARN_STRICT_PROTOTYPES = YES;
				CLANG_WARN_SUSPICIOUS_MOVE = YES;
				CLANG_WARN_UNGUARDED_AVAILABILITY = YES_AGGRESSIVE;
				CLANG_WARN_UNREACHABLE_CODE = YES;
				CLANG_WARN__DUPLICATE_METHOD_MATCH = YES;
				COPY_PHASE_STRIP = NO;
				DEBUG_INFORMATION_FORMAT = dwarf;
				ENABLE_STRICT_OBJC_MSGSEND = YES;
				ENABLE_TESTABILITY = YES;
				GCC_C_LANGUAGE_STANDARD = gnu11;
				GCC_DYNAMIC_NO_PIC = NO;
				GCC_NO_COMMON_BLOCKS = YES;
				GCC_OPTIMIZATION_LEVEL = 0;
				GCC_PREPROCESSOR_DEFINITIONS = (
					"DEBUG=1",
					"$(inherited)",
				);
				GCC_WARN_64_TO_32_BIT_CONVERSION = YES;
				GCC_WARN_ABOUT_RETURN_TYPE = YES_ERROR;
				GCC_WARN_UNDECLARED_SELECTOR = YES;
				GCC_WARN_UNINITIALIZED_AUTOS = YES_AGGRESSIVE;
				GCC_WARN_UNUSED_FUNCTION = YES;
				GCC_WARN_UNUSED_VARIABLE = YES;
				MTL_ENABLE_DEBUG_INFO = INCLUDE_SOURCE;
				MTL_FAST_MATH = YES;
				ONLY_ACTIVE_ARCH = YES;
				SWIFT_ACTIVE_COMPILATION_CONDITIONS = DEBUG;
				SWIFT_OPTIMIZATION_LEVEL = "-Onone";
			};
			name = Debug;
		};
		0CFC98BD293E4B0000D138DE /* Release */ = {
			isa = XCBuildConfiguration;
			buildSettings = {
				ALWAYS_SEARCH_USER_PATHS = NO;
				CLANG_ANALYZER_NONNULL = YES;
				CLANG_ANALYZER_NUMBER_OBJECT_CONVERSION = YES_AGGRESSIVE;
				CLANG_CXX_LANGUAGE_STANDARD = "gnu++20";
				CLANG_ENABLE_MODULES = YES;
				CLANG_ENABLE_OBJC_ARC = YES;
				CLANG_ENABLE_OBJC_WEAK = YES;
				CLANG_WARN_BLOCK_CAPTURE_AUTORELEASING = YES;
				CLANG_WARN_BOOL_CONVERSION = YES;
				CLANG_WARN_COMMA = YES;
				CLANG_WARN_CONSTANT_CONVERSION = YES;
				CLANG_WARN_DEPRECATED_OBJC_IMPLEMENTATIONS = YES;
				CLANG_WARN_DIRECT_OBJC_ISA_USAGE = YES_ERROR;
				CLANG_WARN_DOCUMENTATION_COMMENTS = YES;
				CLANG_WARN_EMPTY_BODY = YES;
				CLANG_WARN_ENUM_CONVERSION = YES;
				CLANG_WARN_INFINITE_RECURSION = YES;
				CLANG_WARN_INT_CONVERSION = YES;
				CLANG_WARN_NON_LITERAL_NULL_CONVERSION = YES;
				CLANG_WARN_OBJC_IMPLICIT_RETAIN_SELF = YES;
				CLANG_WARN_OBJC_LITERAL_CONVERSION = YES;
				CLANG_WARN_OBJC_ROOT_CLASS = YES_ERROR;
				CLANG_WARN_QUOTED_INCLUDE_IN_FRAMEWORK_HEADER = YES;
				CLANG_WARN_RANGE_LOOP_ANALYSIS = YES;
				CLANG_WARN_STRICT_PROTOTYPES = YES;
				CLANG_WARN_SUSPICIOUS_MOVE = YES;
				CLANG_WARN_UNGUARDED_AVAILABILITY = YES_AGGRESSIVE;
				CLANG_WARN_UNREACHABLE_CODE = YES;
				CLANG_WARN__DUPLICATE_METHOD_MATCH = YES;
				COPY_PHASE_STRIP = NO;
				DEBUG_INFORMATION_FORMAT = "dwarf-with-dsym";
				ENABLE_NS_ASSERTIONS = NO;
				ENABLE_STRICT_OBJC_MSGSEND = YES;
				GCC_C_LANGUAGE_STANDARD = gnu11;
				GCC_NO_COMMON_BLOCKS = YES;
				GCC_WARN_64_TO_32_BIT_CONVERSION = YES;
				GCC_WARN_ABOUT_RETURN_TYPE = YES_ERROR;
				GCC_WARN_UNDECLARED_SELECTOR = YES;
				GCC_WARN_UNINITIALIZED_AUTOS = YES_AGGRESSIVE;
				GCC_WARN_UNUSED_FUNCTION = YES;
				GCC_WARN_UNUSED_VARIABLE = YES;
				MTL_ENABLE_DEBUG_INFO = NO;
				MTL_FAST_MATH = YES;
				SWIFT_COMPILATION_MODE = wholemodule;
				SWIFT_OPTIMIZATION_LEVEL = "-O";
			};
			name = Release;
		};
		0CFC98BF293E4B0000D138DE /* Debug */ = {
			isa = XCBuildConfiguration;
			buildSettings = {
				ASSETCATALOG_COMPILER_APPICON_NAME = AppIcon;
				ASSETCATALOG_COMPILER_GLOBAL_ACCENT_COLOR_NAME = AccentColor;
				CODE_SIGN_ENTITLEMENTS = LongLivingEffectCancellationDemo/LongLivingEffectCancellationDemo.entitlements;
				CODE_SIGN_STYLE = Automatic;
				CURRENT_PROJECT_VERSION = 1;
				DEVELOPMENT_ASSET_PATHS = "\"LongLivingEffectCancellationDemo/Preview Content\"";
				DEVELOPMENT_TEAM = X95U82Q5PU;
				ENABLE_HARDENED_RUNTIME = YES;
				ENABLE_PREVIEWS = YES;
				GENERATE_INFOPLIST_FILE = YES;
				"INFOPLIST_KEY_UIApplicationSceneManifest_Generation[sdk=iphoneos*]" = YES;
				"INFOPLIST_KEY_UIApplicationSceneManifest_Generation[sdk=iphonesimulator*]" = YES;
				"INFOPLIST_KEY_UIApplicationSupportsIndirectInputEvents[sdk=iphoneos*]" = YES;
				"INFOPLIST_KEY_UIApplicationSupportsIndirectInputEvents[sdk=iphonesimulator*]" = YES;
				"INFOPLIST_KEY_UILaunchScreen_Generation[sdk=iphoneos*]" = YES;
				"INFOPLIST_KEY_UILaunchScreen_Generation[sdk=iphonesimulator*]" = YES;
				"INFOPLIST_KEY_UIStatusBarStyle[sdk=iphoneos*]" = UIStatusBarStyleDefault;
				"INFOPLIST_KEY_UIStatusBarStyle[sdk=iphonesimulator*]" = UIStatusBarStyleDefault;
				INFOPLIST_KEY_UISupportedInterfaceOrientations_iPad = "UIInterfaceOrientationPortrait UIInterfaceOrientationPortraitUpsideDown UIInterfaceOrientationLandscapeLeft UIInterfaceOrientationLandscapeRight";
				INFOPLIST_KEY_UISupportedInterfaceOrientations_iPhone = "UIInterfaceOrientationPortrait UIInterfaceOrientationLandscapeLeft UIInterfaceOrientationLandscapeRight";
				IPHONEOS_DEPLOYMENT_TARGET = 16.1;
				LD_RUNPATH_SEARCH_PATHS = "@executable_path/Frameworks";
				"LD_RUNPATH_SEARCH_PATHS[sdk=macosx*]" = "@executable_path/../Frameworks";
				MACOSX_DEPLOYMENT_TARGET = 13.0;
				MARKETING_VERSION = 1.0;
				PRODUCT_BUNDLE_IDENTIFIER = com.buildertrend.LongLivingEffectCancellationDemo;
				PRODUCT_NAME = "$(TARGET_NAME)";
				SDKROOT = auto;
				SUPPORTED_PLATFORMS = "iphoneos iphonesimulator macosx";
				SWIFT_EMIT_LOC_STRINGS = YES;
				SWIFT_VERSION = 5.0;
				TARGETED_DEVICE_FAMILY = "1,2";
			};
			name = Debug;
		};
		0CFC98C0293E4B0000D138DE /* Release */ = {
			isa = XCBuildConfiguration;
			buildSettings = {
				ASSETCATALOG_COMPILER_APPICON_NAME = AppIcon;
				ASSETCATALOG_COMPILER_GLOBAL_ACCENT_COLOR_NAME = AccentColor;
				CODE_SIGN_ENTITLEMENTS = LongLivingEffectCancellationDemo/LongLivingEffectCancellationDemo.entitlements;
				CODE_SIGN_STYLE = Automatic;
				CURRENT_PROJECT_VERSION = 1;
				DEVELOPMENT_ASSET_PATHS = "\"LongLivingEffectCancellationDemo/Preview Content\"";
				DEVELOPMENT_TEAM = X95U82Q5PU;
				ENABLE_HARDENED_RUNTIME = YES;
				ENABLE_PREVIEWS = YES;
				GENERATE_INFOPLIST_FILE = YES;
				"INFOPLIST_KEY_UIApplicationSceneManifest_Generation[sdk=iphoneos*]" = YES;
				"INFOPLIST_KEY_UIApplicationSceneManifest_Generation[sdk=iphonesimulator*]" = YES;
				"INFOPLIST_KEY_UIApplicationSupportsIndirectInputEvents[sdk=iphoneos*]" = YES;
				"INFOPLIST_KEY_UIApplicationSupportsIndirectInputEvents[sdk=iphonesimulator*]" = YES;
				"INFOPLIST_KEY_UILaunchScreen_Generation[sdk=iphoneos*]" = YES;
				"INFOPLIST_KEY_UILaunchScreen_Generation[sdk=iphonesimulator*]" = YES;
				"INFOPLIST_KEY_UIStatusBarStyle[sdk=iphoneos*]" = UIStatusBarStyleDefault;
				"INFOPLIST_KEY_UIStatusBarStyle[sdk=iphonesimulator*]" = UIStatusBarStyleDefault;
				INFOPLIST_KEY_UISupportedInterfaceOrientations_iPad = "UIInterfaceOrientationPortrait UIInterfaceOrientationPortraitUpsideDown UIInterfaceOrientationLandscapeLeft UIInterfaceOrientationLandscapeRight";
				INFOPLIST_KEY_UISupportedInterfaceOrientations_iPhone = "UIInterfaceOrientationPortrait UIInterfaceOrientationLandscapeLeft UIInterfaceOrientationLandscapeRight";
				IPHONEOS_DEPLOYMENT_TARGET = 16.1;
				LD_RUNPATH_SEARCH_PATHS = "@executable_path/Frameworks";
				"LD_RUNPATH_SEARCH_PATHS[sdk=macosx*]" = "@executable_path/../Frameworks";
				MACOSX_DEPLOYMENT_TARGET = 13.0;
				MARKETING_VERSION = 1.0;
				PRODUCT_BUNDLE_IDENTIFIER = com.buildertrend.LongLivingEffectCancellationDemo;
				PRODUCT_NAME = "$(TARGET_NAME)";
				SDKROOT = auto;
				SUPPORTED_PLATFORMS = "iphoneos iphonesimulator macosx";
				SWIFT_EMIT_LOC_STRINGS = YES;
				SWIFT_VERSION = 5.0;
				TARGETED_DEVICE_FAMILY = "1,2";
			};
			name = Release;
		};
/* End XCBuildConfiguration section */

/* Begin XCConfigurationList section */
		0CFC98AA293E4AFE00D138DE /* Build configuration list for PBXProject "LongLivingEffectCancellationDemo" */ = {
			isa = XCConfigurationList;
			buildConfigurations = (
				0CFC98BC293E4B0000D138DE /* Debug */,
				0CFC98BD293E4B0000D138DE /* Release */,
			);
			defaultConfigurationIsVisible = 0;
			defaultConfigurationName = Release;
		};
		0CFC98BE293E4B0000D138DE /* Build configuration list for PBXNativeTarget "LongLivingEffectCancellationDemo" */ = {
			isa = XCConfigurationList;
			buildConfigurations = (
				0CFC98BF293E4B0000D138DE /* Debug */,
				0CFC98C0293E4B0000D138DE /* Release */,
			);
			defaultConfigurationIsVisible = 0;
			defaultConfigurationName = Release;
		};
/* End XCConfigurationList section */

/* Begin XCRemoteSwiftPackageReference section */
		0CFC98C7293E5ECF00D138DE /* XCRemoteSwiftPackageReference "swift-composable-architecture" */ = {
			isa = XCRemoteSwiftPackageReference;
			repositoryURL = "https://github.com/pointfreeco/swift-composable-architecture.git";
			requirement = {
				kind = exactVersion;
				version = 0.47.2;
			};
		};
/* End XCRemoteSwiftPackageReference section */

/* Begin XCSwiftPackageProductDependency section */
		0CFC98C8293E5ECF00D138DE /* ComposableArchitecture */ = {
			isa = XCSwiftPackageProductDependency;
			package = 0CFC98C7293E5ECF00D138DE /* XCRemoteSwiftPackageReference "swift-composable-architecture" */;
			productName = ComposableArchitecture;
		};
/* End XCSwiftPackageProductDependency section */
	};
	rootObject = 0CFC98A7293E4AFE00D138DE /* Project object */;
}
